// !$*UTF8*$!
{
	archiveVersion = 1;
	classes = {
	};
	objectVersion = 46;
	objects = {

/* Begin PBXBuildFile section */
		9A539A001E3F720E00550BE7 /* AppDelegate.swift in Sources */ = {isa = PBXBuildFile; fileRef = 9A5399FF1E3F720E00550BE7 /* AppDelegate.swift */; };
		9A539A021E3F720E00550BE7 /* ViewController.swift in Sources */ = {isa = PBXBuildFile; fileRef = 9A539A011E3F720E00550BE7 /* ViewController.swift */; };
		9A539A051E3F720E00550BE7 /* Main.storyboard in Resources */ = {isa = PBXBuildFile; fileRef = 9A539A031E3F720E00550BE7 /* Main.storyboard */; };
		9A539A071E3F720E00550BE7 /* Assets.xcassets in Resources */ = {isa = PBXBuildFile; fileRef = 9A539A061E3F720E00550BE7 /* Assets.xcassets */; };
		9A539A0A1E3F720E00550BE7 /* LaunchScreen.storyboard in Resources */ = {isa = PBXBuildFile; fileRef = 9A539A081E3F720E00550BE7 /* LaunchScreen.storyboard */; };
		9A539A151E3F7A5E00550BE7 /* meow.m4a in Resources */ = {isa = PBXBuildFile; fileRef = 9A539A111E3F7A5E00550BE7 /* meow.m4a */; };
		9A539A161E3F7A5E00550BE7 /* moo.m4a in Resources */ = {isa = PBXBuildFile; fileRef = 9A539A121E3F7A5E00550BE7 /* moo.m4a */; };
		9A539A171E3F7A5E00550BE7 /* SimpleSound.swift in Sources */ = {isa = PBXBuildFile; fileRef = 9A539A131E3F7A5E00550BE7 /* SimpleSound.swift */; };
		9A539A181E3F7A5E00550BE7 /* woof.m4a in Resources */ = {isa = PBXBuildFile; fileRef = 9A539A141E3F7A5E00550BE7 /* woof.m4a */; };
/* End PBXBuildFile section */

/* Begin PBXFileReference section */
		9A5399FC1E3F720E00550BE7 /* AnimalSounds.app */ = {isa = PBXFileReference; explicitFileType = wrapper.application; includeInIndex = 0; path = AnimalSounds.app; sourceTree = BUILT_PRODUCTS_DIR; };
		9A5399FF1E3F720E00550BE7 /* AppDelegate.swift */ = {isa = PBXFileReference; lastKnownFileType = sourcecode.swift; path = AppDelegate.swift; sourceTree = "<group>"; };
		9A539A011E3F720E00550BE7 /* ViewController.swift */ = {isa = PBXFileReference; lastKnownFileType = sourcecode.swift; path = ViewController.swift; sourceTree = "<group>"; };
		9A539A041E3F720E00550BE7 /* Base */ = {isa = PBXFileReference; lastKnownFileType = file.storyboard; name = Base; path = Base.lproj/Main.storyboard; sourceTree = "<group>"; };
		9A539A061E3F720E00550BE7 /* Assets.xcassets */ = {isa = PBXFileReference; lastKnownFileType = folder.assetcatalog; path = Assets.xcassets; sourceTree = "<group>"; };
		9A539A091E3F720E00550BE7 /* Base */ = {isa = PBXFileReference; lastKnownFileType = file.storyboard; name = Base; path = Base.lproj/LaunchScreen.storyboard; sourceTree = "<group>"; };
		9A539A0B1E3F720E00550BE7 /* Info.plist */ = {isa = PBXFileReference; lastKnownFileType = text.plist.xml; path = Info.plist; sourceTree = "<group>"; };
		9A539A111E3F7A5E00550BE7 /* meow.m4a */ = {isa = PBXFileReference; lastKnownFileType = file; path = meow.m4a; sourceTree = "<group>"; };
		9A539A121E3F7A5E00550BE7 /* moo.m4a */ = {isa = PBXFileReference; lastKnownFileType = file; path = moo.m4a; sourceTree = "<group>"; };
		9A539A131E3F7A5E00550BE7 /* SimpleSound.swift */ = {isa = PBXFileReference; fileEncoding = 4; lastKnownFileType = sourcecode.swift; path = SimpleSound.swift; sourceTree = "<group>"; };
		9A539A141E3F7A5E00550BE7 /* woof.m4a */ = {isa = PBXFileReference; lastKnownFileType = file; path = woof.m4a; sourceTree = "<group>"; };
/* End PBXFileReference section */

/* Begin PBXFrameworksBuildPhase section */
		9A5399F91E3F720D00550BE7 /* Frameworks */ = {
			isa = PBXFrameworksBuildPhase;
			buildActionMask = 2147483647;
			files = (
			);
			runOnlyForDeploymentPostprocessing = 0;
		};
/* End PBXFrameworksBuildPhase section */

/* Begin PBXGroup section */
		9A5399F31E3F720D00550BE7 = {
			isa = PBXGroup;
			children = (
				9A5399FE1E3F720E00550BE7 /* AnimalSounds */,
				9A5399FD1E3F720E00550BE7 /* Products */,
			);
			sourceTree = "<group>";
		};
		9A5399FD1E3F720E00550BE7 /* Products */ = {
			isa = PBXGroup;
			children = (
				9A5399FC1E3F720E00550BE7 /* AnimalSounds.app */,
			);
			name = Products;
			sourceTree = "<group>";
		};
		9A5399FE1E3F720E00550BE7 /* AnimalSounds */ = {
			isa = PBXGroup;
			children = (
				9A539A111E3F7A5E00550BE7 /* meow.m4a */,
				9A539A121E3F7A5E00550BE7 /* moo.m4a */,
				9A539A131E3F7A5E00550BE7 /* SimpleSound.swift */,
				9A539A141E3F7A5E00550BE7 /* woof.m4a */,
				9A5399FF1E3F720E00550BE7 /* AppDelegate.swift */,
				9A539A011E3F720E00550BE7 /* ViewController.swift */,
				9A539A031E3F720E00550BE7 /* Main.storyboard */,
				9A539A061E3F720E00550BE7 /* Assets.xcassets */,
				9A539A081E3F720E00550BE7 /* LaunchScreen.storyboard */,
				9A539A0B1E3F720E00550BE7 /* Info.plist */,
			);
			path = AnimalSounds;
			sourceTree = "<group>";
		};
/* End PBXGroup section */

/* Begin PBXNativeTarget section */
		9A5399FB1E3F720D00550BE7 /* AnimalSounds */ = {
			isa = PBXNativeTarget;
			buildConfigurationList = 9A539A0E1E3F720E00550BE7 /* Build configuration list for PBXNativeTarget "AnimalSounds" */;
			buildPhases = (
				9A5399F81E3F720D00550BE7 /* Sources */,
				9A5399F91E3F720D00550BE7 /* Frameworks */,
				9A5399FA1E3F720D00550BE7 /* Resources */,
			);
			buildRules = (
			);
			dependencies = (
			);
			name = AnimalSounds;
			productName = AnimalSounds;
			productReference = 9A5399FC1E3F720E00550BE7 /* AnimalSounds.app */;
			productType = "com.apple.product-type.application";
		};
/* End PBXNativeTarget section */

/* Begin PBXProject section */
		9A5399F41E3F720D00550BE7 /* Project object */ = {
			isa = PBXProject;
			attributes = {
				LastSwiftUpdateCheck = 0820;
				LastUpgradeCheck = 0820;
				ORGANIZATIONNAME = "Ryan Wong";
				TargetAttributes = {
					9A5399FB1E3F720D00550BE7 = {
						CreatedOnToolsVersion = 8.2.1;
						DevelopmentTeam = VQZT9ZKGED;
						ProvisioningStyle = Automatic;
					};
				};
			};
			buildConfigurationList = 9A5399F71E3F720D00550BE7 /* Build configuration list for PBXProject "AnimalSounds" */;
			compatibilityVersion = "Xcode 3.2";
			developmentRegion = English;
			hasScannedForEncodings = 0;
			knownRegions = (
				en,
				Base,
			);
			mainGroup = 9A5399F31E3F720D00550BE7;
			productRefGroup = 9A5399FD1E3F720E00550BE7 /* Products */;
			projectDirPath = "";
			projectRoot = "";
			targets = (
				9A5399FB1E3F720D00550BE7 /* AnimalSounds */,
			);
		};
/* End PBXProject section */

/* Begin PBXResourcesBuildPhase section */
		9A5399FA1E3F720D00550BE7 /* Resources */ = {
			isa = PBXResourcesBuildPhase;
			buildActionMask = 2147483647;
			files = (
				9A539A151E3F7A5E00550BE7 /* meow.m4a in Resources */,
				9A539A181E3F7A5E00550BE7 /* woof.m4a in Resources */,
				9A539A161E3F7A5E00550BE7 /* moo.m4a in Resources */,
				9A539A0A1E3F720E00550BE7 /* LaunchScreen.storyboard in Resources */,
				9A539A071E3F720E00550BE7 /* Assets.xcassets in Resources */,
				9A539A051E3F720E00550BE7 /* Main.storyboard in Resources */,
			);
			runOnlyForDeploymentPostprocessing = 0;
		};
/* End PBXResourcesBuildPhase section */

/* Begin PBXSourcesBuildPhase section */
		9A5399F81E3F720D00550BE7 /* Sources */ = {
			isa = PBXSourcesBuildPhase;
			buildActionMask = 2147483647;
			files = (
				9A539A171E3F7A5E00550BE7 /* SimpleSound.swift in Sources */,
				9A539A021E3F720E00550BE7 /* ViewController.swift in Sources */,
				9A539A001E3F720E00550BE7 /* AppDelegate.swift in Sources */,
			);
			runOnlyForDeploymentPostprocessing = 0;
		};
/* End PBXSourcesBuildPhase section */

/* Begin PBXVariantGroup section */
		9A539A031E3F720E00550BE7 /* Main.storyboard */ = {
			isa = PBXVariantGroup;
			children = (
				9A539A041E3F720E00550BE7 /* Base */,
			);
			name = Main.storyboard;
			sourceTree = "<group>";
		};
		9A539A081E3F720E00550BE7 /* LaunchScreen.storyboard */ = {
			isa = PBXVariantGroup;
			children = (
				9A539A091E3F720E00550BE7 /* Base */,
			);
			name = LaunchScreen.storyboard;
			sourceTree = "<group>";
		};
/* End PBXVariantGroup section */

/* Begin XCBuildConfiguration section */
		9A539A0C1E3F720E00550BE7 /* Debug */ = {
			isa = XCBuildConfiguration;
			buildSettings = {
				ALWAYS_SEARCH_USER_PATHS = NO;
				CLANG_ANALYZER_NONNULL = YES;
				CLANG_CXX_LANGUAGE_STANDARD = "gnu++0x";
				CLANG_CXX_LIBRARY = "libc++";
				CLANG_ENABLE_MODULES = YES;
				CLANG_ENABLE_OBJC_ARC = YES;
				CLANG_WARN_BOOL_CONVERSION = YES;
				CLANG_WARN_CONSTANT_CONVERSION = YES;
				CLANG_WARN_DIRECT_OBJC_ISA_USAGE = YES_ERROR;
				CLANG_WARN_DOCUMENTATION_COMMENTS = YES;
				CLANG_WARN_EMPTY_BODY = YES;
				CLANG_WARN_ENUM_CONVERSION = YES;
				CLANG_WARN_INFINITE_RECURSION = YES;
				CLANG_WARN_INT_CONVERSION = YES;
				CLANG_WARN_OBJC_ROOT_CLASS = YES_ERROR;
				CLANG_WARN_SUSPICIOUS_MOVE = YES;
				CLANG_WARN_UNREACHABLE_CODE = YES;
				CLANG_WARN__DUPLICATE_METHOD_MATCH = YES;
				"CODE_SIGN_IDENTITY[sdk=iphoneos*]" = "iPhone Developer";
				COPY_PHASE_STRIP = NO;
				DEBUG_INFORMATION_FORMAT = dwarf;
				ENABLE_STRICT_OBJC_MSGSEND = YES;
				ENABLE_TESTABILITY = YES;
				GCC_C_LANGUAGE_STANDARD = gnu99;
				GCC_DYNAMIC_NO_PIC = NO;
				GCC_NO_COMMON_BLOCKS = YES;
				GCC_OPTIMIZATION_LEVEL = 0;
				GCC_PREPROCESSOR_DEFINITIONS = (
					"DEBUG=1",
					"$(inherited)",
				);
				GCC_WARN_64_TO_32_BIT_CONVERSION = YES;
				GCC_WARN_ABOUT_RETURN_TYPE = YES_ERROR;
				GCC_WARN_UNDECLARED_SELECTOR = YES;
				GCC_WARN_UNINITIALIZED_AUTOS = YES_AGGRESSIVE;
				GCC_WARN_UNUSED_FUNCTION = YES;
				GCC_WARN_UNUSED_VARIABLE = YES;
				IPHONEOS_DEPLOYMENT_TARGET = 10.2;
				MTL_ENABLE_DEBUG_INFO = YES;
				ONLY_ACTIVE_ARCH = YES;
				SDKROOT = iphoneos;
				SWIFT_ACTIVE_COMPILATION_CONDITIONS = DEBUG;
				SWIFT_OPTIMIZATION_LEVEL = "-Onone";
			};
			name = Debug;
		};
		9A539A0D1E3F720E00550BE7 /* Release */ = {
			isa = XCBuildConfiguration;
			buildSettings = {
				ALWAYS_SEARCH_USER_PATHS = NO;
				CLANG_ANALYZER_NONNULL = YES;
				CLANG_CXX_LANGUAGE_STANDARD = "gnu++0x";
				CLANG_CXX_LIBRARY = "libc++";
				CLANG_ENABLE_MODULES = YES;
				CLANG_ENABLE_OBJC_ARC = YES;
				CLANG_WARN_BOOL_CONVERSION = YES;
				CLANG_WARN_CONSTANT_CONVERSION = YES;
				CLANG_WARN_DIRECT_OBJC_ISA_USAGE = YES_ERROR;
				CLANG_WARN_DOCUMENTATION_COMMENTS = YES;
				CLANG_WARN_EMPTY_BODY = YES;
				CLANG_WARN_ENUM_CONVERSION = YES;
				CLANG_WARN_INFINITE_RECURSION = YES;
				CLANG_WARN_INT_CONVERSION = YES;
				CLANG_WARN_OBJC_ROOT_CLASS = YES_ERROR;
				CLANG_WARN_SUSPICIOUS_MOVE = YES;
				CLANG_WARN_UNREACHABLE_CODE = YES;
				CLANG_WARN__DUPLICATE_METHOD_MATCH = YES;
				"CODE_SIGN_IDENTITY[sdk=iphoneos*]" = "iPhone Developer";
				COPY_PHASE_STRIP = NO;
				DEBUG_INFORMATION_FORMAT = "dwarf-with-dsym";
				ENABLE_NS_ASSERTIONS = NO;
				ENABLE_STRICT_OBJC_MSGSEND = YES;
				GCC_C_LANGUAGE_STANDARD = gnu99;
				GCC_NO_COMMON_BLOCKS = YES;
				GCC_WARN_64_TO_32_BIT_CONVERSION = YES;
				GCC_WARN_ABOUT_RETURN_TYPE = YES_ERROR;
				GCC_WARN_UNDECLARED_SELECTOR = YES;
				GCC_WARN_UNINITIALIZED_AUTOS = YES_AGGRESSIVE;
				GCC_WARN_UNUSED_FUNCTION = YES;
				GCC_WARN_UNUSED_VARIABLE = YES;
				IPHONEOS_DEPLOYMENT_TARGET = 10.2;
				MTL_ENABLE_DEBUG_INFO = NO;
				SDKROOT = iphoneos;
				SWIFT_OPTIMIZATION_LEVEL = "-Owholemodule";
				VALIDATE_PRODUCT = YES;
			};
			name = Release;
		};
		9A539A0F1E3F720E00550BE7 /* Debug */ = {
			isa = XCBuildConfiguration;
			buildSettings = {
				ASSETCATALOG_COMPILER_APPICON_NAME = AppIcon;
				DEVELOPMENT_TEAM = VQZT9ZKGED;
				INFOPLIST_FILE = AnimalSounds/Info.plist;
				LD_RUNPATH_SEARCH_PATHS = "$(inherited) @executable_path/Frameworks";
				PRODUCT_BUNDLE_IDENTIFIER = me.taggatle.AnimalSounds;
				PRODUCT_NAME = "$(TARGET_NAME)";
				SWIFT_VERSION = 3.0;
			};
			name = Debug;
		};
		9A539A101E3F720E00550BE7 /* Release */ = {
			isa = XCBuildConfiguration;
			buildSettings = {
				ASSETCATALOG_COMPILER_APPICON_NAME = AppIcon;
				DEVELOPMENT_TEAM = VQZT9ZKGED;
				INFOPLIST_FILE = AnimalSounds/Info.plist;
				LD_RUNPATH_SEARCH_PATHS = "$(inherited) @executable_path/Frameworks";
				PRODUCT_BUNDLE_IDENTIFIER = me.taggatle.AnimalSounds;
				PRODUCT_NAME = "$(TARGET_NAME)";
				SWIFT_VERSION = 3.0;
			};
			name = Release;
		};
/* End XCBuildConfiguration section */

/* Begin XCConfigurationList section */
		9A5399F71E3F720D00550BE7 /* Build configuration list for PBXProject "AnimalSounds" */ = {
			isa = XCConfigurationList;
			buildConfigurations = (
				9A539A0C1E3F720E00550BE7 /* Debug */,
				9A539A0D1E3F720E00550BE7 /* Release */,
			);
			defaultConfigurationIsVisible = 0;
			defaultConfigurationName = Release;
		};
		9A539A0E1E3F720E00550BE7 /* Build configuration list for PBXNativeTarget "AnimalSounds" */ = {
			isa = XCConfigurationList;
			buildConfigurations = (
				9A539A0F1E3F720E00550BE7 /* Debug */,
				9A539A101E3F720E00550BE7 /* Release */,
			);
			defaultConfigurationIsVisible = 0;
		};
/* End XCConfigurationList section */
	};
	rootObject = 9A5399F41E3F720D00550BE7 /* Project object */;
}
